{"version":4,"terraform_version":"1.11.4","serial":2,"lineage":"da688ca3-24db-e4e0-a30a-557bcfcb1f62","outputs":{"backend_ip":{"value":"107.170.12.89","type":"string"}},"resources":[{"mode":"managed","type":"digitalocean_droplet","name":"backend","provider":"provider[\"registry.opentofu.org/digitalocean/digitalocean\"]","instances":[{"schema_version":1,"attributes":{"backup_policy":[],"backups":false,"created_at":"2026-02-07T23:28:31Z","disk":160,"droplet_agent":null,"graceful_shutdown":false,"id":"550105071","image":"ubuntu-22-04-x64","ipv4_address":"107.170.12.89","ipv4_address_private":"10.100.0.2","ipv6":false,"ipv6_address":"","locked":false,"memory":8192,"monitoring":true,"name":"finagotchi-backend","price_hourly":0.07143,"price_monthly":48,"private_networking":true,"region":"nyc2","resize_disk":true,"size":"s-4vcpu-8gb","ssh_keys":["c8:d1:21:c3:19:66:5f:93:72:4b:f6:a0:11:d4:c2:dc"],"status":"active","tags":["backend","cpu","finagotchi"],"timeouts":null,"urn":"do:droplet:550105071","user_data":null,"vcpus":4,"volume_ids":[],"vpc_uuid":"084fce79-3744-4019-88fb-0ba03bfacc4f"},"sensitive_attributes":[],"private":"eyJlMmJmYjczMC1lY2FhLTExZTYtOGY4OC0zNDM2M2JjN2M0YzAiOnsiY3JlYXRlIjozNjAwMDAwMDAwMDAwLCJkZWxldGUiOjYwMDAwMDAwMDAwLCJ1cGRhdGUiOjM2MDAwMDAwMDAwMDB9LCJzY2hlbWFfdmVyc2lvbiI6IjEifQ=="}]}],"check_results":null}
